
Microsoft Visual Studio Solution File, Format Version 12.00
# Visual Studio Version 17
VisualStudioVersion = 17.14.36603.0 d17.14
MinimumVisualStudioVersion = 10.0.40219.1
Project("{FAE04EC0-301F-11D3-BF4B-00C04F79EFBC}") = "XMLReader-Advanced", "XMLReader-Advanced\XMLReader-Advanced.csproj", "{EC1A84D7-9C24-4017-84C3-776A412BE32E}"
EndProject
Global
	GlobalSection(SolutionConfigurationPlatforms) = preSolution
		Debug|Any CPU = Debug|Any CPU
		Release|Any CPU = Release|Any CPU
	EndGlobalSection
	GlobalSection(ProjectConfigurationPlatforms) = postSolution
		{EC1A84D7-9C24-4017-84C3-776A412BE32E}.Debug|Any CPU.ActiveCfg = Debug|Any CPU
		{EC1A84D7-9C24-4017-84C3-776A412BE32E}.Debug|Any CPU.Build.0 = Debug|Any CPU
		{EC1A84D7-9C24-4017-84C3-776A412BE32E}.Release|Any CPU.ActiveCfg = Release|Any CPU
		{EC1A84D7-9C24-4017-84C3-776A412BE32E}.Release|Any CPU.Build.0 = Release|Any CPU
	EndGlobalSection
	GlobalSection(SolutionProperties) = preSolution
		HideSolutionNode = FALSE
	EndGlobalSection
	GlobalSection(ExtensibilityGlobals) = postSolution
		SolutionGuid = {5D8F8CBD-2965-4BA0-B6F5-7813FB8F7E47}
	EndGlobalSection
EndGlobal
